
Microsoft Visual Studio Solution File, Format Version 12.00
# Visual Studio 2013
VisualStudioVersion = 12.0.31101.0
MinimumVisualStudioVersion = 10.0.40219.1
Project("{FAE04EC0-301F-11D3-BF4B-00C04F79EFBC}") = "RSVP", "RSVP\RSVP.csproj", "{2E118720-7AD2-4300-9A70-4DD8DF404470}"
EndProject
Project("{FAE04EC0-301F-11D3-BF4B-00C04F79EFBC}") = "RSVP.Tests", "RSVP.Tests\RSVP.Tests.csproj", "{77FE8432-6166-4CAB-A1CE-B5808FCA114F}"
EndProject
Project("{2150E333-8FDC-42A3-9474-1A3956D46DE8}") = "PublishScripts", "PublishScripts", "{AC60DD2A-2F68-4EE3-A1D3-210A6159580B}"
	ProjectSection(SolutionItems) = preProject
		PublishScripts\AzureWebsitePublishModule.psm1 = PublishScripts\AzureWebsitePublishModule.psm1
		PublishScripts\Publish-WebApplicationWebsite.ps1 = PublishScripts\Publish-WebApplicationWebsite.ps1
	EndProjectSection
EndProject
Project("{2150E333-8FDC-42A3-9474-1A3956D46DE8}") = "Configurations", "Configurations", "{55C27650-148F-449B-8D0C-188D4D677D78}"
	ProjectSection(SolutionItems) = preProject
		PublishScripts\Configurations\RSVP-WAWS-dev.json = PublishScripts\Configurations\RSVP-WAWS-dev.json
	EndProjectSection
EndProject
Project("{2150E333-8FDC-42A3-9474-1A3956D46DE8}") = ".nuget", ".nuget", "{4047BBE4-E32D-4C91-9117-9F75B3FFB9A4}"
	ProjectSection(SolutionItems) = preProject
		.nuget\packages.config = .nuget\packages.config
	EndProjectSection
EndProject
Global
	GlobalSection(SolutionConfigurationPlatforms) = preSolution
		Debug|Any CPU = Debug|Any CPU
		Release|Any CPU = Release|Any CPU
	EndGlobalSection
	GlobalSection(ProjectConfigurationPlatforms) = postSolution
		{2E118720-7AD2-4300-9A70-4DD8DF404470}.Debug|Any CPU.ActiveCfg = Debug|Any CPU
		{2E118720-7AD2-4300-9A70-4DD8DF404470}.Debug|Any CPU.Build.0 = Debug|Any CPU
		{2E118720-7AD2-4300-9A70-4DD8DF404470}.Release|Any CPU.ActiveCfg = Release|Any CPU
		{2E118720-7AD2-4300-9A70-4DD8DF404470}.Release|Any CPU.Build.0 = Release|Any CPU
		{77FE8432-6166-4CAB-A1CE-B5808FCA114F}.Debug|Any CPU.ActiveCfg = Debug|Any CPU
		{77FE8432-6166-4CAB-A1CE-B5808FCA114F}.Debug|Any CPU.Build.0 = Debug|Any CPU
		{77FE8432-6166-4CAB-A1CE-B5808FCA114F}.Release|Any CPU.ActiveCfg = Release|Any CPU
		{77FE8432-6166-4CAB-A1CE-B5808FCA114F}.Release|Any CPU.Build.0 = Release|Any CPU
	EndGlobalSection
	GlobalSection(SolutionProperties) = preSolution
		HideSolutionNode = FALSE
	EndGlobalSection
	GlobalSection(NestedProjects) = preSolution
		{55C27650-148F-449B-8D0C-188D4D677D78} = {AC60DD2A-2F68-4EE3-A1D3-210A6159580B}
	EndGlobalSection
EndGlobal
